[[package]]
name = "difference"
version = "1.0.0"
source = "registry+https://github.com/rust-lang/crates.io-index"

[[package]]
name = "handlebars"
version = "0.21.1"
source = "registry+https://github.com/rust-lang/crates.io-index"
dependencies = [
 "log 0.3.8 (registry+https://github.com/rust-lang/crates.io-index)",
 "pest 0.3.3 (registry+https://github.com/rust-lang/crates.io-index)",
 "quick-error 1.2.0 (registry+https://github.com/rust-lang/crates.io-index)",
 "rustc-serialize 0.3.24 (registry+https://github.com/rust-lang/crates.io-index)",
]

[[package]]
name = "log"
version = "0.3.8"
source = "registry+https://github.com/rust-lang/crates.io-index"

[[package]]
name = "pest"
version = "0.3.3"
source = "registry+https://github.com/rust-lang/crates.io-index"

[[package]]
name = "pom"
version = "1.0.1"
source = "registry+https://github.com/rust-lang/crates.io-index"

[[package]]
name = "pretty_assertions"
version = "0.2.1"
source = "registry+https://github.com/rust-lang/crates.io-index"
dependencies = [
 "difference 1.0.0 (registry+https://github.com/rust-lang/crates.io-index)",
]

[[package]]
name = "quick-error"
version = "1.2.0"
source = "registry+https://github.com/rust-lang/crates.io-index"

[[package]]
name = "rustc-serialize"
version = "0.3.24"
source = "registry+https://github.com/rust-lang/crates.io-index"

[[package]]
name = "svg"
version = "0.5.6"
source = "registry+https://github.com/rust-lang/crates.io-index"

[[package]]
name = "svgbob"
version = "0.2.1"
dependencies = [
 "handlebars 0.21.1 (registry+https://github.com/rust-lang/crates.io-index)",
 "pom 1.0.1 (registry+https://github.com/rust-lang/crates.io-index)",
 "pretty_assertions 0.2.1 (registry+https://github.com/rust-lang/crates.io-index)",
 "svg 0.5.6 (registry+https://github.com/rust-lang/crates.io-index)",
 "unicode-width 0.1.4 (registry+https://github.com/rust-lang/crates.io-index)",
]

[[package]]
name = "unicode-width"
version = "0.1.4"
source = "registry+https://github.com/rust-lang/crates.io-index"

[metadata]
"checksum difference 1.0.0 (registry+https://github.com/rust-lang/crates.io-index)" = "b3304d19798a8e067e48d8e69b2c37f0b5e9b4e462504ad9e27e9f3fce02bba8"
"checksum handlebars 0.21.1 (registry+https://github.com/rust-lang/crates.io-index)" = "937e9d49d65ffb5f70e95710a6c8539addf40200275ad8b6cdba0f0a59d5814d"
"checksum log 0.3.8 (registry+https://github.com/rust-lang/crates.io-index)" = "880f77541efa6e5cc74e76910c9884d9859683118839d6a1dc3b11e63512565b"
"checksum pest 0.3.3 (registry+https://github.com/rust-lang/crates.io-index)" = "0a6dda33d67c26f0aac90d324ab2eb7239c819fc7b2552fe9faa4fe88441edc8"
"checksum pom 1.0.1 (registry+https://github.com/rust-lang/crates.io-index)" = "8678ba1b3c8f2afef0fbfeb21c1c9dd44165d11923ecaec02925122fabdf4e69"
"checksum pretty_assertions 0.2.1 (registry+https://github.com/rust-lang/crates.io-index)" = "1d510007841e87c7a6d829a36f7f0acb72aef12e38cc89073fe39810c1d976ac"
"checksum quick-error 1.2.0 (registry+https://github.com/rust-lang/crates.io-index)" = "3c36987d4978eb1be2e422b1e0423a557923a5c3e7e6f31d5699e9aafaefa469"
"checksum rustc-serialize 0.3.24 (registry+https://github.com/rust-lang/crates.io-index)" = "dcf128d1287d2ea9d80910b5f1120d0b8eede3fbf1abe91c40d39ea7d51e6fda"
"checksum svg 0.5.6 (registry+https://github.com/rust-lang/crates.io-index)" = "6569d8ee08322afcc9f3eb19a9af4ebbb5a2502a4048cb32f741020a02b0d668"
"checksum unicode-width 0.1.4 (registry+https://github.com/rust-lang/crates.io-index)" = "bf3a113775714a22dcb774d8ea3655c53a32debae63a063acc00a91cc586245f"
