[root]
name = "svgbob"
version = "0.2.0"
dependencies = [
 "svg 0.5.6 (registry+https://github.com/rust-lang/crates.io-index)",
 "unicode-width 0.1.4 (registry+https://github.com/rust-lang/crates.io-index)",
]

[[package]]
name = "svg"
version = "0.5.6"
source = "registry+https://github.com/rust-lang/crates.io-index"

[[package]]
name = "unicode-width"
version = "0.1.4"
source = "registry+https://github.com/rust-lang/crates.io-index"

[metadata]
"checksum svg 0.5.6 (registry+https://github.com/rust-lang/crates.io-index)" = "6569d8ee08322afcc9f3eb19a9af4ebbb5a2502a4048cb32f741020a02b0d668"
"checksum unicode-width 0.1.4 (registry+https://github.com/rust-lang/crates.io-index)" = "bf3a113775714a22dcb774d8ea3655c53a32debae63a063acc00a91cc586245f"
